// !$*UTF8*$!
{
	archiveVersion = 1;
	classes = {
	};
	objectVersion = 50;
	objects = {

/* Begin PBXBuildFile section */
		0406EF5F2476C28A00431A67 /* AnimatedEntity.cpp in Sources */ = {isa = PBXBuildFile; fileRef = 0406EF5A2476C28A00431A67 /* AnimatedEntity.cpp */; };
		0406EF602476C28A00431A67 /* Animation.cpp in Sources */ = {isa = PBXBuildFile; fileRef = 0406EF5B2476C28A00431A67 /* Animation.cpp */; };
		0406EF612476C28A00431A67 /* PBRShaders.cpp in Sources */ = {isa = PBXBuildFile; fileRef = 0406EF5C2476C28A00431A67 /* PBRShaders.cpp */; };
		0406EF622476C28A00431A67 /* Skin.cpp in Sources */ = {isa = PBXBuildFile; fileRef = 0406EF5D2476C28A00431A67 /* Skin.cpp */; };
		0406EF632476C28A00431A67 /* KTXImageLoader.cpp in Sources */ = {isa = PBXBuildFile; fileRef = 0406EF5E2476C28A00431A67 /* KTXImageLoader.cpp */; };
		043A4590215E74D400A7D07A /* GLMHelper.cpp in Sources */ = {isa = PBXBuildFile; fileRef = 043A458D215E74D400A7D07A /* GLMHelper.cpp */; };
		043A4591215E74D400A7D07A /* FileSystem.cpp in Sources */ = {isa = PBXBuildFile; fileRef = 043A458F215E74D400A7D07A /* FileSystem.cpp */; };
		043A4597215E76BC00A7D07A /* scene.json in Resources */ = {isa = PBXBuildFile; fileRef = 043A4594215E76BC00A7D07A /* scene.json */; };
		043A4598215E76BC00A7D07A /* quad.ply in Resources */ = {isa = PBXBuildFile; fileRef = 043A4595215E76BC00A7D07A /* quad.ply */; };
		043A4599215E76BC00A7D07A /* kueken7_rgba_astc4x4_srgb.ktx in Resources */ = {isa = PBXBuildFile; fileRef = 043A4596215E76BC00A7D07A /* kueken7_rgba_astc4x4_srgb.ktx */; };
		0443E785229FB2AC0032DF4C /* UniformWrappers.cpp in Sources */ = {isa = PBXBuildFile; fileRef = 0443E784229FB2AC0032DF4C /* UniformWrappers.cpp */; };
		045F7E39229D911C0045CDFD /* RenderState.cpp in Sources */ = {isa = PBXBuildFile; fileRef = 045F7E35229D911C0045CDFD /* RenderState.cpp */; };
		045F7E3A229D911C0045CDFD /* RenderStateFactory.cpp in Sources */ = {isa = PBXBuildFile; fileRef = 045F7E36229D911C0045CDFD /* RenderStateFactory.cpp */; };
		045F7E3B229D911C0045CDFD /* TurntableController.cpp in Sources */ = {isa = PBXBuildFile; fileRef = 045F7E37229D911C0045CDFD /* TurntableController.cpp */; };
		045F7E3C229D911C0045CDFD /* RenderStateManager.cpp in Sources */ = {isa = PBXBuildFile; fileRef = 045F7E38229D911C0045CDFD /* RenderStateManager.cpp */; };
		04BBE83F2169135400BA0AB8 /* Viewport.cpp in Sources */ = {isa = PBXBuildFile; fileRef = 04BBE83E2169135400BA0AB8 /* Viewport.cpp */; };
		04BEBB62229E8961001003D8 /* FlightHelmet in Resources */ = {isa = PBXBuildFile; fileRef = 04BEBB61229E8961001003D8 /* FlightHelmet */; };
		04C217E9214D22F5004E15ED /* ArcballController.cpp in Sources */ = {isa = PBXBuildFile; fileRef = 04C217C7214D22F5004E15ED /* ArcballController.cpp */; };
		04C217EA214D22F5004E15ED /* GraphicsBuffer.cpp in Sources */ = {isa = PBXBuildFile; fileRef = 04C217C8214D22F5004E15ED /* GraphicsBuffer.cpp */; };
		04C217EB214D22F5004E15ED /* SceneLoader.cpp in Sources */ = {isa = PBXBuildFile; fileRef = 04C217C9214D22F5004E15ED /* SceneLoader.cpp */; };
		04C217EC214D22F5004E15ED /* GLShader.cpp in Sources */ = {isa = PBXBuildFile; fileRef = 04C217CA214D22F5004E15ED /* GLShader.cpp */; };
		04C217ED214D22F5004E15ED /* UniformHelper.cpp in Sources */ = {isa = PBXBuildFile; fileRef = 04C217CB214D22F5004E15ED /* UniformHelper.cpp */; };
		04C217EE214D22F5004E15ED /* Camera.cpp in Sources */ = {isa = PBXBuildFile; fileRef = 04C217CC214D22F5004E15ED /* Camera.cpp */; };
		04C217EF214D22F5004E15ED /* Entity.cpp in Sources */ = {isa = PBXBuildFile; fileRef = 04C217CD214D22F5004E15ED /* Entity.cpp */; };
		04C217F0214D22F5004E15ED /* AppHelper.cpp in Sources */ = {isa = PBXBuildFile; fileRef = 04C217CE214D22F5004E15ED /* AppHelper.cpp */; };
		04C217F1214D22F5004E15ED /* FPSController.cpp in Sources */ = {isa = PBXBuildFile; fileRef = 04C217CF214D22F5004E15ED /* FPSController.cpp */; };
		04C217F2214D22F5004E15ED /* Framebuffer.cpp in Sources */ = {isa = PBXBuildFile; fileRef = 04C217D0214D22F5004E15ED /* Framebuffer.cpp */; };
		04C217F3214D22F5004E15ED /* UniformBlock.cpp in Sources */ = {isa = PBXBuildFile; fileRef = 04C217D1214D22F5004E15ED /* UniformBlock.cpp */; };
		04C217F4214D22F5004E15ED /* Light.cpp in Sources */ = {isa = PBXBuildFile; fileRef = 04C217D2214D22F5004E15ED /* Light.cpp */; };
		04C217F5214D22F5004E15ED /* PrimitiveHelper.cpp in Sources */ = {isa = PBXBuildFile; fileRef = 04C217D3214D22F5004E15ED /* PrimitiveHelper.cpp */; };
		04C217F6214D22F5004E15ED /* RenderPass.cpp in Sources */ = {isa = PBXBuildFile; fileRef = 04C217D4214D22F5004E15ED /* RenderPass.cpp */; };
		04C217F7214D22F5004E15ED /* Texture.cpp in Sources */ = {isa = PBXBuildFile; fileRef = 04C217D5214D22F5004E15ED /* Texture.cpp */; };
		04C217F8214D22F5004E15ED /* GLProgram.cpp in Sources */ = {isa = PBXBuildFile; fileRef = 04C217D6214D22F5004E15ED /* GLProgram.cpp */; };
		04C217F9214D22F5004E15ED /* Rbt.cpp in Sources */ = {isa = PBXBuildFile; fileRef = 04C217D7214D22F5004E15ED /* Rbt.cpp */; };
		04C217FA214D22F5004E15ED /* PolygonSoupLoader.cpp in Sources */ = {isa = PBXBuildFile; fileRef = 04C217D8214D22F5004E15ED /* PolygonSoupLoader.cpp */; };
		04C217FB214D22F5004E15ED /* Renderable.cpp in Sources */ = {isa = PBXBuildFile; fileRef = 04C217D9214D22F5004E15ED /* Renderable.cpp */; };
		04C217FC214D22F5004E15ED /* SceneNode.cpp in Sources */ = {isa = PBXBuildFile; fileRef = 04C217DA214D22F5004E15ED /* SceneNode.cpp */; };
		04C217FD214D22F5004E15ED /* VertexType.cpp in Sources */ = {isa = PBXBuildFile; fileRef = 04C217DB214D22F5004E15ED /* VertexType.cpp */; };
		04C217FE214D22F5004E15ED /* TextureHelper.cpp in Sources */ = {isa = PBXBuildFile; fileRef = 04C217DC214D22F5004E15ED /* TextureHelper.cpp */; };
		04C217FF214D22F5004E15ED /* PolygonSoup.cpp in Sources */ = {isa = PBXBuildFile; fileRef = 04C217DD214D22F5004E15ED /* PolygonSoup.cpp */; };
		04C21800214D22F5004E15ED /* CameraController.cpp in Sources */ = {isa = PBXBuildFile; fileRef = 04C217DE214D22F5004E15ED /* CameraController.cpp */; };
		04C21801214D22F5004E15ED /* Engine.cpp in Sources */ = {isa = PBXBuildFile; fileRef = 04C217DF214D22F5004E15ED /* Engine.cpp */; };
		04C21802214D22F5004E15ED /* ShaderParser.cpp in Sources */ = {isa = PBXBuildFile; fileRef = 04C217E0214D22F5004E15ED /* ShaderParser.cpp */; };
		04C21803214D22F5004E15ED /* GLEffect.cpp in Sources */ = {isa = PBXBuildFile; fileRef = 04C217E1214D22F5004E15ED /* GLEffect.cpp */; };
		04C21804214D22F5004E15ED /* PolygonSoupSerialization.cpp in Sources */ = {isa = PBXBuildFile; fileRef = 04C217E2214D22F5004E15ED /* PolygonSoupSerialization.cpp */; };
		04C21805214D22F5004E15ED /* ImgppTextureSrc.cpp in Sources */ = {isa = PBXBuildFile; fileRef = 04C217E3214D22F5004E15ED /* ImgppTextureSrc.cpp */; };
		04C21806214D22F5004E15ED /* Material.cpp in Sources */ = {isa = PBXBuildFile; fileRef = 04C217E4214D22F5004E15ED /* Material.cpp */; };
		04C21807214D22F5004E15ED /* ResourceManager.cpp in Sources */ = {isa = PBXBuildFile; fileRef = 04C217E5214D22F5004E15ED /* ResourceManager.cpp */; };
		04C21808214D22F5004E15ED /* RendererViewController.mm in Sources */ = {isa = PBXBuildFile; fileRef = 04C217E6214D22F5004E15ED /* RendererViewController.mm */; };
		04C21809214D22F5004E15ED /* MeshIO.cpp in Sources */ = {isa = PBXBuildFile; fileRef = 04C217E7214D22F5004E15ED /* MeshIO.cpp */; };
		04C21813214D246F004E15ED /* AppDelegate.m in Sources */ = {isa = PBXBuildFile; fileRef = 04C21812214D246F004E15ED /* AppDelegate.m */; };
		04C2181B214D2472004E15ED /* Assets.xcassets in Resources */ = {isa = PBXBuildFile; fileRef = 04C2181A214D2472004E15ED /* Assets.xcassets */; };
		04C21821214D2472004E15ED /* main.m in Sources */ = {isa = PBXBuildFile; fileRef = 04C21820214D2472004E15ED /* main.m */; };
		04D74422214D3C5500CAF217 /* RenderTest.mm in Sources */ = {isa = PBXBuildFile; fileRef = 04D74420214D3C5500CAF217 /* RenderTest.mm */; };
		04D74424214D3D0F00CAF217 /* libmineola.a in Frameworks */ = {isa = PBXBuildFile; fileRef = 04C21791214D22A7004E15ED /* libmineola.a */; };
		04E30F8C229E6F12006D0743 /* STBImagePlugin.cpp in Sources */ = {isa = PBXBuildFile; fileRef = 04E30F8B229E6F12006D0743 /* STBImagePlugin.cpp */; };
		04E30F92229E73E8006D0743 /* gltfscene.json in Resources */ = {isa = PBXBuildFile; fileRef = 04E30F91229E73E8006D0743 /* gltfscene.json */; };
		04FB37B122A03747005A272D /* Corset.glb in Resources */ = {isa = PBXBuildFile; fileRef = 04FB37B022A03747005A272D /* Corset.glb */; };
		04FE66D4229DAC61005D82A1 /* GLTFLoader.cpp in Sources */ = {isa = PBXBuildFile; fileRef = 04FE66D3229DAC61005D82A1 /* GLTFLoader.cpp */; };
		04FF0517216409E400C05601 /* AppHelper.h in CopyFiles */ = {isa = PBXBuildFile; fileRef = 04C217BA214D22E1004E15ED /* AppHelper.h */; };
		04FF0518216409E400C05601 /* BasisObj.h in CopyFiles */ = {isa = PBXBuildFile; fileRef = 04C217BE214D22E1004E15ED /* BasisObj.h */; };
		04FF0519216409E400C05601 /* Camera.h in CopyFiles */ = {isa = PBXBuildFile; fileRef = 04C217AA214D22E1004E15ED /* Camera.h */; };
		04FF051A216409E400C05601 /* CameraController.h in CopyFiles */ = {isa = PBXBuildFile; fileRef = 04C217A5214D22E1004E15ED /* CameraController.h */; };
		04FF051B216409E400C05601 /* Engine.h in CopyFiles */ = {isa = PBXBuildFile; fileRef = 04C217A3214D22E1004E15ED /* Engine.h */; };
		04FF051C216409E400C05601 /* Entity.h in CopyFiles */ = {isa = PBXBuildFile; fileRef = 04C217B6214D22E1004E15ED /* Entity.h */; };
		04FF051D216409E400C05601 /* FileSystem.h in CopyFiles */ = {isa = PBXBuildFile; fileRef = 043A4593215E74DE00A7D07A /* FileSystem.h */; };
		04FF051E216409E400C05601 /* Framebuffer.h in CopyFiles */ = {isa = PBXBuildFile; fileRef = 04C217AE214D22E1004E15ED /* Framebuffer.h */; };
		04FF051F216409E400C05601 /* GLEffect.h in CopyFiles */ = {isa = PBXBuildFile; fileRef = 04C217A4214D22E1004E15ED /* GLEffect.h */; };
		04FF0521216409E400C05601 /* GLMHelper.h in CopyFiles */ = {isa = PBXBuildFile; fileRef = 043A4592215E74DE00A7D07A /* GLMHelper.h */; };
		04FF0522216409E400C05601 /* GLProgram.h in CopyFiles */ = {isa = PBXBuildFile; fileRef = 04C217C5214D22E1004E15ED /* GLProgram.h */; };
		04FF0523216409E400C05601 /* GLShader.h in CopyFiles */ = {isa = PBXBuildFile; fileRef = 04C217C3214D22E1004E15ED /* GLShader.h */; };
		04FF0524216409E400C05601 /* glutility.h in CopyFiles */ = {isa = PBXBuildFile; fileRef = 04C217C2214D22E1004E15ED /* glutility.h */; };
		04FF0525216409E400C05601 /* GraphicsBuffer.h in CopyFiles */ = {isa = PBXBuildFile; fileRef = 04C217B4214D22E1004E15ED /* GraphicsBuffer.h */; };
		04FF0526216409E400C05601 /* ImgppTextureSrc.h in CopyFiles */ = {isa = PBXBuildFile; fileRef = 04C217A6214D22E1004E15ED /* ImgppTextureSrc.h */; };
		04FF0527216409E400C05601 /* Light.h in CopyFiles */ = {isa = PBXBuildFile; fileRef = 04C217A8214D22E1004E15ED /* Light.h */; };
		04FF0528216409E400C05601 /* ManagerBase.h in CopyFiles */ = {isa = PBXBuildFile; fileRef = 04C217B3214D22E1004E15ED /* ManagerBase.h */; };
		04FF0529216409E400C05601 /* Material.h in CopyFiles */ = {isa = PBXBuildFile; fileRef = 04C217AD214D22E1004E15ED /* Material.h */; };
		04FF052A216409E400C05601 /* MathHelper.h in CopyFiles */ = {isa = PBXBuildFile; fileRef = 04C217AF214D22E1004E15ED /* MathHelper.h */; };
		04FF052B216409E400C05601 /* MeshIO.h in CopyFiles */ = {isa = PBXBuildFile; fileRef = 04C217A7214D22E1004E15ED /* MeshIO.h */; };
		04FF052C216409E400C05601 /* PixelType.h in CopyFiles */ = {isa = PBXBuildFile; fileRef = 04C217BD214D22E1004E15ED /* PixelType.h */; };
		04FF052D216409E400C05601 /* PolygonSoup.h in CopyFiles */ = {isa = PBXBuildFile; fileRef = 04C217B1214D22E1004E15ED /* PolygonSoup.h */; };
		04FF052E216409E400C05601 /* PolygonSoupLoader.h in CopyFiles */ = {isa = PBXBuildFile; fileRef = 04C217B9214D22E1004E15ED /* PolygonSoupLoader.h */; };
		04FF052F216409E400C05601 /* PolygonSoupSerialization.h in CopyFiles */ = {isa = PBXBuildFile; fileRef = 04C217AC214D22E1004E15ED /* PolygonSoupSerialization.h */; };
		04FF0530216409E400C05601 /* PrimitiveHelper.h in CopyFiles */ = {isa = PBXBuildFile; fileRef = 04C217A2214D22E1004E15ED /* PrimitiveHelper.h */; };
		04FF0531216409E400C05601 /* Rbt.h in CopyFiles */ = {isa = PBXBuildFile; fileRef = 04C2179F214D22E1004E15ED /* Rbt.h */; };
		04FF0532216409E400C05601 /* Renderable.h in CopyFiles */ = {isa = PBXBuildFile; fileRef = 04C217A9214D22E1004E15ED /* Renderable.h */; };
		04FF0533216409E400C05601 /* RendererViewController.h in CopyFiles */ = {isa = PBXBuildFile; fileRef = 04C217C4214D22E1004E15ED /* RendererViewController.h */; };
		04FF0534216409E400C05601 /* RenderPass.h in CopyFiles */ = {isa = PBXBuildFile; fileRef = 04C217A1214D22E1004E15ED /* RenderPass.h */; };
		04FF0535216409E400C05601 /* ResourceManager.h in CopyFiles */ = {isa = PBXBuildFile; fileRef = 04C217C0214D22E1004E15ED /* ResourceManager.h */; };
		04FF0536216409E400C05601 /* SceneLoader.h in CopyFiles */ = {isa = PBXBuildFile; fileRef = 04C217AB214D22E1004E15ED /* SceneLoader.h */; };
		04FF0537216409E400C05601 /* SceneNode.h in CopyFiles */ = {isa = PBXBuildFile; fileRef = 04C2179E214D22E1004E15ED /* SceneNode.h */; };
		04FF0538216409E400C05601 /* ShaderParser.h in CopyFiles */ = {isa = PBXBuildFile; fileRef = 04C217BF214D22E1004E15ED /* ShaderParser.h */; };
		04FF0539216409E400C05601 /* Texture.h in CopyFiles */ = {isa = PBXBuildFile; fileRef = 04C217BB214D22E1004E15ED /* Texture.h */; };
		04FF053A216409E400C05601 /* TextureDesc.h in CopyFiles */ = {isa = PBXBuildFile; fileRef = 04C217B2214D22E1004E15ED /* TextureDesc.h */; };
		04FF053B216409E400C05601 /* TextureHelper.h in CopyFiles */ = {isa = PBXBuildFile; fileRef = 04C217B8214D22E1004E15ED /* TextureHelper.h */; };
		04FF053C216409E400C05601 /* TypeMapping.h in CopyFiles */ = {isa = PBXBuildFile; fileRef = 04C217BC214D22E1004E15ED /* TypeMapping.h */; };
		04FF053D216409E400C05601 /* UniformBlock.h in CopyFiles */ = {isa = PBXBuildFile; fileRef = 04C217A0214D22E1004E15ED /* UniformBlock.h */; };
		04FF053E216409E400C05601 /* UniformHelper.h in CopyFiles */ = {isa = PBXBuildFile; fileRef = 04C217C1214D22E1004E15ED /* UniformHelper.h */; };
		04FF053F216409E400C05601 /* VertexType.h in CopyFiles */ = {isa = PBXBuildFile; fileRef = 04C217B5214D22E1004E15ED /* VertexType.h */; };
		04FF0540216409E400C05601 /* Visitor.h in CopyFiles */ = {isa = PBXBuildFile; fileRef = 04C217B0214D22E1004E15ED /* Visitor.h */; };
		04FF05452164170400C05601 /* libmineola.a in CopyFiles */ = {isa = PBXBuildFile; fileRef = 04C21791214D22A7004E15ED /* libmineola.a */; };
		76E16749219D79030073EAB2 /* Viewport.h in CopyFiles */ = {isa = PBXBuildFile; fileRef = 04BBE83D2169134C00BA0AB8 /* Viewport.h */; };
		C7F4B4F02181CE4A00171337 /* BasisObj.cpp in Sources */ = {isa = PBXBuildFile; fileRef = C7F4B4EF2181CE4A00171337 /* BasisObj.cpp */; };
/* End PBXBuildFile section */

/* Begin PBXCopyFilesBuildPhase section */
		04C2178F214D22A7004E15ED /* CopyFiles */ = {
			isa = PBXCopyFilesBuildPhase;
			buildActionMask = 2147483647;
			dstPath = "/usr/local/include/$(PRODUCT_NAME)";
			dstSubfolderSpec = 0;
			files = (
				76E16749219D79030073EAB2 /* Viewport.h in CopyFiles */,
				04FF0517216409E400C05601 /* AppHelper.h in CopyFiles */,
				04FF0518216409E400C05601 /* BasisObj.h in CopyFiles */,
				04FF0519216409E400C05601 /* Camera.h in CopyFiles */,
				04FF051A216409E400C05601 /* CameraController.h in CopyFiles */,
				04FF051B216409E400C05601 /* Engine.h in CopyFiles */,
				04FF051C216409E400C05601 /* Entity.h in CopyFiles */,
				04FF051D216409E400C05601 /* FileSystem.h in CopyFiles */,
				04FF051E216409E400C05601 /* Framebuffer.h in CopyFiles */,
				04FF051F216409E400C05601 /* GLEffect.h in CopyFiles */,
				04FF0521216409E400C05601 /* GLMHelper.h in CopyFiles */,
				04FF0522216409E400C05601 /* GLProgram.h in CopyFiles */,
				04FF0523216409E400C05601 /* GLShader.h in CopyFiles */,
				04FF0524216409E400C05601 /* glutility.h in CopyFiles */,
				04FF0525216409E400C05601 /* GraphicsBuffer.h in CopyFiles */,
				04FF0526216409E400C05601 /* ImgppTextureSrc.h in CopyFiles */,
				04FF0527216409E400C05601 /* Light.h in CopyFiles */,
				04FF0528216409E400C05601 /* ManagerBase.h in CopyFiles */,
				04FF0529216409E400C05601 /* Material.h in CopyFiles */,
				04FF052A216409E400C05601 /* MathHelper.h in CopyFiles */,
				04FF052B216409E400C05601 /* MeshIO.h in CopyFiles */,
				04FF052C216409E400C05601 /* PixelType.h in CopyFiles */,
				04FF052D216409E400C05601 /* PolygonSoup.h in CopyFiles */,
				04FF052E216409E400C05601 /* PolygonSoupLoader.h in CopyFiles */,
				04FF052F216409E400C05601 /* PolygonSoupSerialization.h in CopyFiles */,
				04FF0530216409E400C05601 /* PrimitiveHelper.h in CopyFiles */,
				04FF0531216409E400C05601 /* Rbt.h in CopyFiles */,
				04FF0532216409E400C05601 /* Renderable.h in CopyFiles */,
				04FF0533216409E400C05601 /* RendererViewController.h in CopyFiles */,
				04FF0534216409E400C05601 /* RenderPass.h in CopyFiles */,
				04FF0535216409E400C05601 /* ResourceManager.h in CopyFiles */,
				04FF0536216409E400C05601 /* SceneLoader.h in CopyFiles */,
				04FF0537216409E400C05601 /* SceneNode.h in CopyFiles */,
				04FF0538216409E400C05601 /* ShaderParser.h in CopyFiles */,
				04FF0539216409E400C05601 /* Texture.h in CopyFiles */,
				04FF053A216409E400C05601 /* TextureDesc.h in CopyFiles */,
				04FF053B216409E400C05601 /* TextureHelper.h in CopyFiles */,
				04FF053C216409E400C05601 /* TypeMapping.h in CopyFiles */,
				04FF053D216409E400C05601 /* UniformBlock.h in CopyFiles */,
				04FF053E216409E400C05601 /* UniformHelper.h in CopyFiles */,
				04FF053F216409E400C05601 /* VertexType.h in CopyFiles */,
				04FF0540216409E400C05601 /* Visitor.h in CopyFiles */,
			);
			runOnlyForDeploymentPostprocessing = 0;
		};
		04FF054221640D0F00C05601 /* CopyFiles */ = {
			isa = PBXCopyFilesBuildPhase;
			buildActionMask = 2147483647;
			dstPath = /usr/local/lib;
			dstSubfolderSpec = 0;
			files = (
				04FF05452164170400C05601 /* libmineola.a in CopyFiles */,
			);
			runOnlyForDeploymentPostprocessing = 0;
		};
/* End PBXCopyFilesBuildPhase section */

/* Begin PBXFileReference section */
		0406EF532476C27200431A67 /* AnimatedEntity.h */ = {isa = PBXFileReference; fileEncoding = 4; lastKnownFileType = sourcecode.c.h; path = AnimatedEntity.h; sourceTree = "<group>"; };
		0406EF542476C27200431A67 /* glad.h */ = {isa = PBXFileReference; fileEncoding = 4; lastKnownFileType = sourcecode.c.h; path = glad.h; sourceTree = "<group>"; };
		0406EF552476C27200431A67 /* khrplatform.h */ = {isa = PBXFileReference; fileEncoding = 4; lastKnownFileType = sourcecode.c.h; path = khrplatform.h; sourceTree = "<group>"; };
		0406EF562476C27200431A67 /* PBRShaders.h */ = {isa = PBXFileReference; fileEncoding = 4; lastKnownFileType = sourcecode.c.h; path = PBRShaders.h; sourceTree = "<group>"; };
		0406EF572476C27200431A67 /* KTXImageLoader.h */ = {isa = PBXFileReference; fileEncoding = 4; lastKnownFileType = sourcecode.c.h; path = KTXImageLoader.h; sourceTree = "<group>"; };
		0406EF582476C27200431A67 /* Skin.h */ = {isa = PBXFileReference; fileEncoding = 4; lastKnownFileType = sourcecode.c.h; path = Skin.h; sourceTree = "<group>"; };
		0406EF592476C27200431A67 /* Animation.h */ = {isa = PBXFileReference; fileEncoding = 4; lastKnownFileType = sourcecode.c.h; path = Animation.h; sourceTree = "<group>"; };
		0406EF5A2476C28A00431A67 /* AnimatedEntity.cpp */ = {isa = PBXFileReference; fileEncoding = 4; lastKnownFileType = sourcecode.cpp.cpp; path = AnimatedEntity.cpp; sourceTree = "<group>"; };
		0406EF5B2476C28A00431A67 /* Animation.cpp */ = {isa = PBXFileReference; fileEncoding = 4; lastKnownFileType = sourcecode.cpp.cpp; path = Animation.cpp; sourceTree = "<group>"; };
		0406EF5C2476C28A00431A67 /* PBRShaders.cpp */ = {isa = PBXFileReference; fileEncoding = 4; lastKnownFileType = sourcecode.cpp.cpp; path = PBRShaders.cpp; sourceTree = "<group>"; };
		0406EF5D2476C28A00431A67 /* Skin.cpp */ = {isa = PBXFileReference; fileEncoding = 4; lastKnownFileType = sourcecode.cpp.cpp; path = Skin.cpp; sourceTree = "<group>"; };
		0406EF5E2476C28A00431A67 /* KTXImageLoader.cpp */ = {isa = PBXFileReference; fileEncoding = 4; lastKnownFileType = sourcecode.cpp.cpp; path = KTXImageLoader.cpp; sourceTree = "<group>"; };
		043A458D215E74D400A7D07A /* GLMHelper.cpp */ = {isa = PBXFileReference; fileEncoding = 4; lastKnownFileType = sourcecode.cpp.cpp; path = GLMHelper.cpp; sourceTree = "<group>"; };
		043A458E215E74D400A7D07A /* prefix.h */ = {isa = PBXFileReference; fileEncoding = 4; lastKnownFileType = sourcecode.c.h; path = prefix.h; sourceTree = "<group>"; };
		043A458F215E74D400A7D07A /* FileSystem.cpp */ = {isa = PBXFileReference; fileEncoding = 4; lastKnownFileType = sourcecode.cpp.cpp; path = FileSystem.cpp; sourceTree = "<group>"; };
		043A4592215E74DE00A7D07A /* GLMHelper.h */ = {isa = PBXFileReference; fileEncoding = 4; lastKnownFileType = sourcecode.c.h; path = GLMHelper.h; sourceTree = "<group>"; };
		043A4593215E74DE00A7D07A /* FileSystem.h */ = {isa = PBXFileReference; fileEncoding = 4; lastKnownFileType = sourcecode.c.h; path = FileSystem.h; sourceTree = "<group>"; };
		043A4594215E76BC00A7D07A /* scene.json */ = {isa = PBXFileReference; fileEncoding = 4; lastKnownFileType = text.json; path = scene.json; sourceTree = "<group>"; };
		043A4595215E76BC00A7D07A /* quad.ply */ = {isa = PBXFileReference; fileEncoding = 4; lastKnownFileType = text; path = quad.ply; sourceTree = "<group>"; };
		043A4596215E76BC00A7D07A /* kueken7_rgba_astc4x4_srgb.ktx */ = {isa = PBXFileReference; lastKnownFileType = file; path = kueken7_rgba_astc4x4_srgb.ktx; sourceTree = "<group>"; };
		0443E783229FB2A00032DF4C /* UniformWrappers.h */ = {isa = PBXFileReference; fileEncoding = 4; lastKnownFileType = sourcecode.c.h; path = UniformWrappers.h; sourceTree = "<group>"; };
		0443E784229FB2AC0032DF4C /* UniformWrappers.cpp */ = {isa = PBXFileReference; fileEncoding = 4; lastKnownFileType = sourcecode.cpp.cpp; path = UniformWrappers.cpp; sourceTree = "<group>"; };
		045F7E35229D911C0045CDFD /* RenderState.cpp */ = {isa = PBXFileReference; fileEncoding = 4; lastKnownFileType = sourcecode.cpp.cpp; path = RenderState.cpp; sourceTree = "<group>"; };
		045F7E36229D911C0045CDFD /* RenderStateFactory.cpp */ = {isa = PBXFileReference; fileEncoding = 4; lastKnownFileType = sourcecode.cpp.cpp; path = RenderStateFactory.cpp; sourceTree = "<group>"; };
		045F7E37229D911C0045CDFD /* TurntableController.cpp */ = {isa = PBXFileReference; fileEncoding = 4; lastKnownFileType = sourcecode.cpp.cpp; path = TurntableController.cpp; sourceTree = "<group>"; };
		045F7E38229D911C0045CDFD /* RenderStateManager.cpp */ = {isa = PBXFileReference; fileEncoding = 4; lastKnownFileType = sourcecode.cpp.cpp; path = RenderStateManager.cpp; sourceTree = "<group>"; };
		045F7E3D229D913C0045CDFD /* RenderState.h */ = {isa = PBXFileReference; fileEncoding = 4; lastKnownFileType = sourcecode.c.h; path = RenderState.h; sourceTree = "<group>"; };
		045F7E3E229D913C0045CDFD /* RenderStateManager.h */ = {isa = PBXFileReference; fileEncoding = 4; lastKnownFileType = sourcecode.c.h; path = RenderStateManager.h; sourceTree = "<group>"; };
		045F7E3F229D913C0045CDFD /* RenderStateFactory.h */ = {isa = PBXFileReference; fileEncoding = 4; lastKnownFileType = sourcecode.c.h; path = RenderStateFactory.h; sourceTree = "<group>"; };
		04BBE83D2169134C00BA0AB8 /* Viewport.h */ = {isa = PBXFileReference; fileEncoding = 4; lastKnownFileType = sourcecode.c.h; path = Viewport.h; sourceTree = "<group>"; };
		04BBE83E2169135400BA0AB8 /* Viewport.cpp */ = {isa = PBXFileReference; fileEncoding = 4; lastKnownFileType = sourcecode.cpp.cpp; path = Viewport.cpp; sourceTree = "<group>"; };
		04BEBB61229E8961001003D8 /* FlightHelmet */ = {isa = PBXFileReference; lastKnownFileType = folder; path = FlightHelmet; sourceTree = "<group>"; };
		04C21791214D22A7004E15ED /* libmineola.a */ = {isa = PBXFileReference; explicitFileType = archive.ar; includeInIndex = 0; path = libmineola.a; sourceTree = BUILT_PRODUCTS_DIR; };
		04C2179E214D22E1004E15ED /* SceneNode.h */ = {isa = PBXFileReference; fileEncoding = 4; lastKnownFileType = sourcecode.c.h; path = SceneNode.h; sourceTree = "<group>"; };
		04C2179F214D22E1004E15ED /* Rbt.h */ = {isa = PBXFileReference; fileEncoding = 4; lastKnownFileType = sourcecode.c.h; path = Rbt.h; sourceTree = "<group>"; };
		04C217A0214D22E1004E15ED /* UniformBlock.h */ = {isa = PBXFileReference; fileEncoding = 4; lastKnownFileType = sourcecode.c.h; path = UniformBlock.h; sourceTree = "<group>"; };
		04C217A1214D22E1004E15ED /* RenderPass.h */ = {isa = PBXFileReference; fileEncoding = 4; lastKnownFileType = sourcecode.c.h; path = RenderPass.h; sourceTree = "<group>"; };
		04C217A2214D22E1004E15ED /* PrimitiveHelper.h */ = {isa = PBXFileReference; fileEncoding = 4; lastKnownFileType = sourcecode.c.h; path = PrimitiveHelper.h; sourceTree = "<group>"; };
		04C217A3214D22E1004E15ED /* Engine.h */ = {isa = PBXFileReference; fileEncoding = 4; lastKnownFileType = sourcecode.c.h; path = Engine.h; sourceTree = "<group>"; };
		04C217A4214D22E1004E15ED /* GLEffect.h */ = {isa = PBXFileReference; fileEncoding = 4; lastKnownFileType = sourcecode.c.h; path = GLEffect.h; sourceTree = "<group>"; };
		04C217A5214D22E1004E15ED /* CameraController.h */ = {isa = PBXFileReference; fileEncoding = 4; lastKnownFileType = sourcecode.c.h; path = CameraController.h; sourceTree = "<group>"; };
		04C217A6214D22E1004E15ED /* ImgppTextureSrc.h */ = {isa = PBXFileReference; fileEncoding = 4; lastKnownFileType = sourcecode.c.h; path = ImgppTextureSrc.h; sourceTree = "<group>"; };
		04C217A7214D22E1004E15ED /* MeshIO.h */ = {isa = PBXFileReference; fileEncoding = 4; lastKnownFileType = sourcecode.c.h; path = MeshIO.h; sourceTree = "<group>"; };
		04C217A8214D22E1004E15ED /* Light.h */ = {isa = PBXFileReference; fileEncoding = 4; lastKnownFileType = sourcecode.c.h; path = Light.h; sourceTree = "<group>"; };
		04C217A9214D22E1004E15ED /* Renderable.h */ = {isa = PBXFileReference; fileEncoding = 4; lastKnownFileType = sourcecode.c.h; path = Renderable.h; sourceTree = "<group>"; };
		04C217AA214D22E1004E15ED /* Camera.h */ = {isa = PBXFileReference; fileEncoding = 4; lastKnownFileType = sourcecode.c.h; path = Camera.h; sourceTree = "<group>"; };
		04C217AB214D22E1004E15ED /* SceneLoader.h */ = {isa = PBXFileReference; fileEncoding = 4; lastKnownFileType = sourcecode.c.h; path = SceneLoader.h; sourceTree = "<group>"; };
		04C217AC214D22E1004E15ED /* PolygonSoupSerialization.h */ = {isa = PBXFileReference; fileEncoding = 4; lastKnownFileType = sourcecode.c.h; path = PolygonSoupSerialization.h; sourceTree = "<group>"; };
		04C217AD214D22E1004E15ED /* Material.h */ = {isa = PBXFileReference; fileEncoding = 4; lastKnownFileType = sourcecode.c.h; path = Material.h; sourceTree = "<group>"; };
		04C217AE214D22E1004E15ED /* Framebuffer.h */ = {isa = PBXFileReference; fileEncoding = 4; lastKnownFileType = sourcecode.c.h; path = Framebuffer.h; sourceTree = "<group>"; };
		04C217AF214D22E1004E15ED /* MathHelper.h */ = {isa = PBXFileReference; fileEncoding = 4; lastKnownFileType = sourcecode.c.h; path = MathHelper.h; sourceTree = "<group>"; };
		04C217B0214D22E1004E15ED /* Visitor.h */ = {isa = PBXFileReference; fileEncoding = 4; lastKnownFileType = sourcecode.c.h; path = Visitor.h; sourceTree = "<group>"; };
		04C217B1214D22E1004E15ED /* PolygonSoup.h */ = {isa = PBXFileReference; fileEncoding = 4; lastKnownFileType = sourcecode.c.h; path = PolygonSoup.h; sourceTree = "<group>"; };
		04C217B2214D22E1004E15ED /* TextureDesc.h */ = {isa = PBXFileReference; fileEncoding = 4; lastKnownFileType = sourcecode.c.h; path = TextureDesc.h; sourceTree = "<group>"; };
		04C217B3214D22E1004E15ED /* ManagerBase.h */ = {isa = PBXFileReference; fileEncoding = 4; lastKnownFileType = sourcecode.c.h; path = ManagerBase.h; sourceTree = "<group>"; };
		04C217B4214D22E1004E15ED /* GraphicsBuffer.h */ = {isa = PBXFileReference; fileEncoding = 4; lastKnownFileType = sourcecode.c.h; path = GraphicsBuffer.h; sourceTree = "<group>"; };
		04C217B5214D22E1004E15ED /* VertexType.h */ = {isa = PBXFileReference; fileEncoding = 4; lastKnownFileType = sourcecode.c.h; path = VertexType.h; sourceTree = "<group>"; };
		04C217B6214D22E1004E15ED /* Entity.h */ = {isa = PBXFileReference; fileEncoding = 4; lastKnownFileType = sourcecode.c.h; path = Entity.h; sourceTree = "<group>"; };
		04C217B8214D22E1004E15ED /* TextureHelper.h */ = {isa = PBXFileReference; fileEncoding = 4; lastKnownFileType = sourcecode.c.h; path = TextureHelper.h; sourceTree = "<group>"; };
		04C217B9214D22E1004E15ED /* PolygonSoupLoader.h */ = {isa = PBXFileReference; fileEncoding = 4; lastKnownFileType = sourcecode.c.h; path = PolygonSoupLoader.h; sourceTree = "<group>"; };
		04C217BA214D22E1004E15ED /* AppHelper.h */ = {isa = PBXFileReference; fileEncoding = 4; lastKnownFileType = sourcecode.c.h; path = AppHelper.h; sourceTree = "<group>"; };
		04C217BB214D22E1004E15ED /* Texture.h */ = {isa = PBXFileReference; fileEncoding = 4; lastKnownFileType = sourcecode.c.h; path = Texture.h; sourceTree = "<group>"; };
		04C217BC214D22E1004E15ED /* TypeMapping.h */ = {isa = PBXFileReference; fileEncoding = 4; lastKnownFileType = sourcecode.c.h; path = TypeMapping.h; sourceTree = "<group>"; };
		04C217BD214D22E1004E15ED /* PixelType.h */ = {isa = PBXFileReference; fileEncoding = 4; lastKnownFileType = sourcecode.c.h; path = PixelType.h; sourceTree = "<group>"; };
		04C217BE214D22E1004E15ED /* BasisObj.h */ = {isa = PBXFileReference; fileEncoding = 4; lastKnownFileType = sourcecode.c.h; path = BasisObj.h; sourceTree = "<group>"; };
		04C217BF214D22E1004E15ED /* ShaderParser.h */ = {isa = PBXFileReference; fileEncoding = 4; lastKnownFileType = sourcecode.c.h; path = ShaderParser.h; sourceTree = "<group>"; };
		04C217C0214D22E1004E15ED /* ResourceManager.h */ = {isa = PBXFileReference; fileEncoding = 4; lastKnownFileType = sourcecode.c.h; path = ResourceManager.h; sourceTree = "<group>"; };
		04C217C1214D22E1004E15ED /* UniformHelper.h */ = {isa = PBXFileReference; fileEncoding = 4; lastKnownFileType = sourcecode.c.h; path = UniformHelper.h; sourceTree = "<group>"; };
		04C217C2214D22E1004E15ED /* glutility.h */ = {isa = PBXFileReference; fileEncoding = 4; lastKnownFileType = sourcecode.c.h; path = glutility.h; sourceTree = "<group>"; };
		04C217C3214D22E1004E15ED /* GLShader.h */ = {isa = PBXFileReference; fileEncoding = 4; lastKnownFileType = sourcecode.c.h; path = GLShader.h; sourceTree = "<group>"; };
		04C217C4214D22E1004E15ED /* RendererViewController.h */ = {isa = PBXFileReference; fileEncoding = 4; lastKnownFileType = sourcecode.c.h; path = RendererViewController.h; sourceTree = "<group>"; };
		04C217C5214D22E1004E15ED /* GLProgram.h */ = {isa = PBXFileReference; fileEncoding = 4; lastKnownFileType = sourcecode.c.h; path = GLProgram.h; sourceTree = "<group>"; };
		04C217C7214D22F5004E15ED /* ArcballController.cpp */ = {isa = PBXFileReference; fileEncoding = 4; lastKnownFileType = sourcecode.cpp.cpp; path = ArcballController.cpp; sourceTree = "<group>"; };
		04C217C8214D22F5004E15ED /* GraphicsBuffer.cpp */ = {isa = PBXFileReference; fileEncoding = 4; lastKnownFileType = sourcecode.cpp.cpp; path = GraphicsBuffer.cpp; sourceTree = "<group>"; };
		04C217C9214D22F5004E15ED /* SceneLoader.cpp */ = {isa = PBXFileReference; fileEncoding = 4; lastKnownFileType = sourcecode.cpp.cpp; path = SceneLoader.cpp; sourceTree = "<group>"; };
		04C217CA214D22F5004E15ED /* GLShader.cpp */ = {isa = PBXFileReference; fileEncoding = 4; lastKnownFileType = sourcecode.cpp.cpp; path = GLShader.cpp; sourceTree = "<group>"; };
		04C217CB214D22F5004E15ED /* UniformHelper.cpp */ = {isa = PBXFileReference; fileEncoding = 4; lastKnownFileType = sourcecode.cpp.cpp; path = UniformHelper.cpp; sourceTree = "<group>"; };
		04C217CC214D22F5004E15ED /* Camera.cpp */ = {isa = PBXFileReference; fileEncoding = 4; lastKnownFileType = sourcecode.cpp.cpp; path = Camera.cpp; sourceTree = "<group>"; };
		04C217CD214D22F5004E15ED /* Entity.cpp */ = {isa = PBXFileReference; fileEncoding = 4; lastKnownFileType = sourcecode.cpp.cpp; path = Entity.cpp; sourceTree = "<group>"; };
		04C217CE214D22F5004E15ED /* AppHelper.cpp */ = {isa = PBXFileReference; fileEncoding = 4; lastKnownFileType = sourcecode.cpp.cpp; path = AppHelper.cpp; sourceTree = "<group>"; };
		04C217CF214D22F5004E15ED /* FPSController.cpp */ = {isa = PBXFileReference; fileEncoding = 4; lastKnownFileType = sourcecode.cpp.cpp; path = FPSController.cpp; sourceTree = "<group>"; };
		04C217D0214D22F5004E15ED /* Framebuffer.cpp */ = {isa = PBXFileReference; fileEncoding = 4; lastKnownFileType = sourcecode.cpp.cpp; path = Framebuffer.cpp; sourceTree = "<group>"; };
		04C217D1214D22F5004E15ED /* UniformBlock.cpp */ = {isa = PBXFileReference; fileEncoding = 4; lastKnownFileType = sourcecode.cpp.cpp; path = UniformBlock.cpp; sourceTree = "<group>"; };
		04C217D2214D22F5004E15ED /* Light.cpp */ = {isa = PBXFileReference; fileEncoding = 4; lastKnownFileType = sourcecode.cpp.cpp; path = Light.cpp; sourceTree = "<group>"; };
		04C217D3214D22F5004E15ED /* PrimitiveHelper.cpp */ = {isa = PBXFileReference; fileEncoding = 4; lastKnownFileType = sourcecode.cpp.cpp; path = PrimitiveHelper.cpp; sourceTree = "<group>"; };
		04C217D4214D22F5004E15ED /* RenderPass.cpp */ = {isa = PBXFileReference; fileEncoding = 4; lastKnownFileType = sourcecode.cpp.cpp; path = RenderPass.cpp; sourceTree = "<group>"; };
		04C217D5214D22F5004E15ED /* Texture.cpp */ = {isa = PBXFileReference; fileEncoding = 4; lastKnownFileType = sourcecode.cpp.cpp; path = Texture.cpp; sourceTree = "<group>"; };
		04C217D6214D22F5004E15ED /* GLProgram.cpp */ = {isa = PBXFileReference; fileEncoding = 4; lastKnownFileType = sourcecode.cpp.cpp; path = GLProgram.cpp; sourceTree = "<group>"; };
		04C217D7214D22F5004E15ED /* Rbt.cpp */ = {isa = PBXFileReference; fileEncoding = 4; lastKnownFileType = sourcecode.cpp.cpp; path = Rbt.cpp; sourceTree = "<group>"; };
		04C217D8214D22F5004E15ED /* PolygonSoupLoader.cpp */ = {isa = PBXFileReference; fileEncoding = 4; lastKnownFileType = sourcecode.cpp.cpp; path = PolygonSoupLoader.cpp; sourceTree = "<group>"; };
		04C217D9214D22F5004E15ED /* Renderable.cpp */ = {isa = PBXFileReference; fileEncoding = 4; lastKnownFileType = sourcecode.cpp.cpp; path = Renderable.cpp; sourceTree = "<group>"; };
		04C217DA214D22F5004E15ED /* SceneNode.cpp */ = {isa = PBXFileReference; fileEncoding = 4; lastKnownFileType = sourcecode.cpp.cpp; path = SceneNode.cpp; sourceTree = "<group>"; };
		04C217DB214D22F5004E15ED /* VertexType.cpp */ = {isa = PBXFileReference; fileEncoding = 4; lastKnownFileType = sourcecode.cpp.cpp; path = VertexType.cpp; sourceTree = "<group>"; };
		04C217DC214D22F5004E15ED /* TextureHelper.cpp */ = {isa = PBXFileReference; fileEncoding = 4; lastKnownFileType = sourcecode.cpp.cpp; path = TextureHelper.cpp; sourceTree = "<group>"; };
		04C217DD214D22F5004E15ED /* PolygonSoup.cpp */ = {isa = PBXFileReference; fileEncoding = 4; lastKnownFileType = sourcecode.cpp.cpp; path = PolygonSoup.cpp; sourceTree = "<group>"; };
		04C217DE214D22F5004E15ED /* CameraController.cpp */ = {isa = PBXFileReference; fileEncoding = 4; lastKnownFileType = sourcecode.cpp.cpp; path = CameraController.cpp; sourceTree = "<group>"; };
		04C217DF214D22F5004E15ED /* Engine.cpp */ = {isa = PBXFileReference; fileEncoding = 4; lastKnownFileType = sourcecode.cpp.cpp; path = Engine.cpp; sourceTree = "<group>"; };
		04C217E0214D22F5004E15ED /* ShaderParser.cpp */ = {isa = PBXFileReference; fileEncoding = 4; lastKnownFileType = sourcecode.cpp.cpp; path = ShaderParser.cpp; sourceTree = "<group>"; };
		04C217E1214D22F5004E15ED /* GLEffect.cpp */ = {isa = PBXFileReference; fileEncoding = 4; lastKnownFileType = sourcecode.cpp.cpp; path = GLEffect.cpp; sourceTree = "<group>"; };
		04C217E2214D22F5004E15ED /* PolygonSoupSerialization.cpp */ = {isa = PBXFileReference; fileEncoding = 4; lastKnownFileType = sourcecode.cpp.cpp; path = PolygonSoupSerialization.cpp; sourceTree = "<group>"; };
		04C217E3214D22F5004E15ED /* ImgppTextureSrc.cpp */ = {isa = PBXFileReference; fileEncoding = 4; lastKnownFileType = sourcecode.cpp.cpp; path = ImgppTextureSrc.cpp; sourceTree = "<group>"; };
		04C217E4214D22F5004E15ED /* Material.cpp */ = {isa = PBXFileReference; fileEncoding = 4; lastKnownFileType = sourcecode.cpp.cpp; path = Material.cpp; sourceTree = "<group>"; };
		04C217E5214D22F5004E15ED /* ResourceManager.cpp */ = {isa = PBXFileReference; fileEncoding = 4; lastKnownFileType = sourcecode.cpp.cpp; path = ResourceManager.cpp; sourceTree = "<group>"; };
		04C217E6214D22F5004E15ED /* RendererViewController.mm */ = {isa = PBXFileReference; fileEncoding = 4; lastKnownFileType = sourcecode.cpp.objcpp; path = RendererViewController.mm; sourceTree = "<group>"; };
		04C217E7214D22F5004E15ED /* MeshIO.cpp */ = {isa = PBXFileReference; fileEncoding = 4; lastKnownFileType = sourcecode.cpp.cpp; path = MeshIO.cpp; sourceTree = "<group>"; };
		04C2180F214D246F004E15ED /* mineola test.app */ = {isa = PBXFileReference; explicitFileType = wrapper.application; includeInIndex = 0; path = "mineola test.app"; sourceTree = BUILT_PRODUCTS_DIR; };
		04C21811214D246F004E15ED /* AppDelegate.h */ = {isa = PBXFileReference; lastKnownFileType = sourcecode.c.h; path = AppDelegate.h; sourceTree = "<group>"; };
		04C21812214D246F004E15ED /* AppDelegate.m */ = {isa = PBXFileReference; lastKnownFileType = sourcecode.c.objc; path = AppDelegate.m; sourceTree = "<group>"; };
		04C2181A214D2472004E15ED /* Assets.xcassets */ = {isa = PBXFileReference; lastKnownFileType = folder.assetcatalog; path = Assets.xcassets; sourceTree = "<group>"; };
		04C2181F214D2472004E15ED /* Info.plist */ = {isa = PBXFileReference; lastKnownFileType = text.plist.xml; path = Info.plist; sourceTree = "<group>"; };
		04C21820214D2472004E15ED /* main.m */ = {isa = PBXFileReference; lastKnownFileType = sourcecode.c.objc; path = main.m; sourceTree = "<group>"; };
		04C29EBF24780CCC004173FA /* conanbuildinfo.xcconfig */ = {isa = PBXFileReference; fileEncoding = 4; lastKnownFileType = text.xcconfig; name = conanbuildinfo.xcconfig; path = ios/build/conanbuildinfo.xcconfig; sourceTree = "<group>"; };
		04D74420214D3C5500CAF217 /* RenderTest.mm */ = {isa = PBXFileReference; fileEncoding = 4; lastKnownFileType = sourcecode.cpp.objcpp; path = RenderTest.mm; sourceTree = "<group>"; };
		04D74421214D3C5500CAF217 /* RenderTest.h */ = {isa = PBXFileReference; fileEncoding = 4; lastKnownFileType = sourcecode.c.h; path = RenderTest.h; sourceTree = "<group>"; };
		04E30F8A229E6F09006D0743 /* STBImagePlugin.h */ = {isa = PBXFileReference; fileEncoding = 4; lastKnownFileType = sourcecode.c.h; path = STBImagePlugin.h; sourceTree = "<group>"; };
		04E30F8B229E6F12006D0743 /* STBImagePlugin.cpp */ = {isa = PBXFileReference; fileEncoding = 4; lastKnownFileType = sourcecode.cpp.cpp; path = STBImagePlugin.cpp; sourceTree = "<group>"; };
		04E30F91229E73E8006D0743 /* gltfscene.json */ = {isa = PBXFileReference; fileEncoding = 4; lastKnownFileType = text.json; path = gltfscene.json; sourceTree = "<group>"; };
		04FB37B022A03747005A272D /* Corset.glb */ = {isa = PBXFileReference; lastKnownFileType = file; path = Corset.glb; sourceTree = "<group>"; };
		04FE66D2229DAC58005D82A1 /* GLTFLoader.h */ = {isa = PBXFileReference; fileEncoding = 4; lastKnownFileType = sourcecode.c.h; path = GLTFLoader.h; sourceTree = "<group>"; };
		04FE66D3229DAC61005D82A1 /* GLTFLoader.cpp */ = {isa = PBXFileReference; fileEncoding = 4; lastKnownFileType = sourcecode.cpp.cpp; path = GLTFLoader.cpp; sourceTree = "<group>"; };
		C7F4B4EF2181CE4A00171337 /* BasisObj.cpp */ = {isa = PBXFileReference; fileEncoding = 4; lastKnownFileType = sourcecode.cpp.cpp; path = BasisObj.cpp; sourceTree = "<group>"; };
/* End PBXFileReference section */

/* Begin PBXFrameworksBuildPhase section */
		04C2178E214D22A7004E15ED /* Frameworks */ = {
			isa = PBXFrameworksBuildPhase;
			buildActionMask = 2147483647;
			files = (
			);
			runOnlyForDeploymentPostprocessing = 0;
		};
		04C2180C214D246F004E15ED /* Frameworks */ = {
			isa = PBXFrameworksBuildPhase;
			buildActionMask = 2147483647;
			files = (
				04D74424214D3D0F00CAF217 /* libmineola.a in Frameworks */,
			);
			runOnlyForDeploymentPostprocessing = 0;
		};
/* End PBXFrameworksBuildPhase section */

/* Begin PBXGroup section */
		04C21788214D22A7004E15ED = {
			isa = PBXGroup;
			children = (
				04C29EBF24780CCC004173FA /* conanbuildinfo.xcconfig */,
				04C2179D214D22E1004E15ED /* include */,
				04C217C6214D22F5004E15ED /* src */,
				04C21810214D246F004E15ED /* mineola_ios_test */,
				04C21792214D22A7004E15ED /* Products */,
				04D74423214D3D0F00CAF217 /* Frameworks */,
			);
			sourceTree = "<group>";
		};
		04C21792214D22A7004E15ED /* Products */ = {
			isa = PBXGroup;
			children = (
				04C21791214D22A7004E15ED /* libmineola.a */,
				04C2180F214D246F004E15ED /* mineola test.app */,
			);
			name = Products;
			sourceTree = "<group>";
		};
		04C2179D214D22E1004E15ED /* include */ = {
			isa = PBXGroup;
			children = (
				0406EF532476C27200431A67 /* AnimatedEntity.h */,
				0406EF592476C27200431A67 /* Animation.h */,
				0406EF542476C27200431A67 /* glad.h */,
				0406EF552476C27200431A67 /* khrplatform.h */,
				0406EF572476C27200431A67 /* KTXImageLoader.h */,
				0406EF562476C27200431A67 /* PBRShaders.h */,
				0406EF582476C27200431A67 /* Skin.h */,
				0443E783229FB2A00032DF4C /* UniformWrappers.h */,
				04C217BA214D22E1004E15ED /* AppHelper.h */,
				04C217BE214D22E1004E15ED /* BasisObj.h */,
				04C217AA214D22E1004E15ED /* Camera.h */,
				04C217A5214D22E1004E15ED /* CameraController.h */,
				04C217A3214D22E1004E15ED /* Engine.h */,
				04C217B6214D22E1004E15ED /* Entity.h */,
				043A4593215E74DE00A7D07A /* FileSystem.h */,
				04C217AE214D22E1004E15ED /* Framebuffer.h */,
				04C217A4214D22E1004E15ED /* GLEffect.h */,
				043A4592215E74DE00A7D07A /* GLMHelper.h */,
				04C217C5214D22E1004E15ED /* GLProgram.h */,
				04C217C3214D22E1004E15ED /* GLShader.h */,
				04FE66D2229DAC58005D82A1 /* GLTFLoader.h */,
				04C217C2214D22E1004E15ED /* glutility.h */,
				04C217B4214D22E1004E15ED /* GraphicsBuffer.h */,
				04C217A6214D22E1004E15ED /* ImgppTextureSrc.h */,
				04C217A8214D22E1004E15ED /* Light.h */,
				04C217B3214D22E1004E15ED /* ManagerBase.h */,
				04C217AD214D22E1004E15ED /* Material.h */,
				04C217AF214D22E1004E15ED /* MathHelper.h */,
				04C217A7214D22E1004E15ED /* MeshIO.h */,
				04C217BD214D22E1004E15ED /* PixelType.h */,
				04C217B1214D22E1004E15ED /* PolygonSoup.h */,
				04C217B9214D22E1004E15ED /* PolygonSoupLoader.h */,
				04C217AC214D22E1004E15ED /* PolygonSoupSerialization.h */,
				04C217A2214D22E1004E15ED /* PrimitiveHelper.h */,
				04C2179F214D22E1004E15ED /* Rbt.h */,
				04C217A9214D22E1004E15ED /* Renderable.h */,
				04C217C4214D22E1004E15ED /* RendererViewController.h */,
				04C217A1214D22E1004E15ED /* RenderPass.h */,
				045F7E3D229D913C0045CDFD /* RenderState.h */,
				045F7E3F229D913C0045CDFD /* RenderStateFactory.h */,
				045F7E3E229D913C0045CDFD /* RenderStateManager.h */,
				04C217C0214D22E1004E15ED /* ResourceManager.h */,
				04C217AB214D22E1004E15ED /* SceneLoader.h */,
				04C2179E214D22E1004E15ED /* SceneNode.h */,
				04C217BF214D22E1004E15ED /* ShaderParser.h */,
				04E30F8A229E6F09006D0743 /* STBImagePlugin.h */,
				04C217BB214D22E1004E15ED /* Texture.h */,
				04C217B2214D22E1004E15ED /* TextureDesc.h */,
				04C217B8214D22E1004E15ED /* TextureHelper.h */,
				04C217BC214D22E1004E15ED /* TypeMapping.h */,
				04C217A0214D22E1004E15ED /* UniformBlock.h */,
				04C217C1214D22E1004E15ED /* UniformHelper.h */,
				04C217B5214D22E1004E15ED /* VertexType.h */,
				04BBE83D2169134C00BA0AB8 /* Viewport.h */,
				04C217B0214D22E1004E15ED /* Visitor.h */,
			);
			path = include;
			sourceTree = "<group>";
		};
		04C217C6214D22F5004E15ED /* src */ = {
			isa = PBXGroup;
			children = (
				0406EF5A2476C28A00431A67 /* AnimatedEntity.cpp */,
				0406EF5B2476C28A00431A67 /* Animation.cpp */,
				0406EF5E2476C28A00431A67 /* KTXImageLoader.cpp */,
				0406EF5C2476C28A00431A67 /* PBRShaders.cpp */,
				0406EF5D2476C28A00431A67 /* Skin.cpp */,
				0443E784229FB2AC0032DF4C /* UniformWrappers.cpp */,
				04C217CE214D22F5004E15ED /* AppHelper.cpp */,
				04C217C7214D22F5004E15ED /* ArcballController.cpp */,
				C7F4B4EF2181CE4A00171337 /* BasisObj.cpp */,
				04C217CC214D22F5004E15ED /* Camera.cpp */,
				04C217DE214D22F5004E15ED /* CameraController.cpp */,
				04C217DF214D22F5004E15ED /* Engine.cpp */,
				04C217CD214D22F5004E15ED /* Entity.cpp */,
				043A458F215E74D400A7D07A /* FileSystem.cpp */,
				04C217CF214D22F5004E15ED /* FPSController.cpp */,
				04C217D0214D22F5004E15ED /* Framebuffer.cpp */,
				04C217E1214D22F5004E15ED /* GLEffect.cpp */,
				043A458D215E74D400A7D07A /* GLMHelper.cpp */,
				04C217D6214D22F5004E15ED /* GLProgram.cpp */,
				04C217CA214D22F5004E15ED /* GLShader.cpp */,
				04FE66D3229DAC61005D82A1 /* GLTFLoader.cpp */,
				04C217C8214D22F5004E15ED /* GraphicsBuffer.cpp */,
				04C217E3214D22F5004E15ED /* ImgppTextureSrc.cpp */,
				04C217D2214D22F5004E15ED /* Light.cpp */,
				04C217E4214D22F5004E15ED /* Material.cpp */,
				04C217E7214D22F5004E15ED /* MeshIO.cpp */,
				04C217DD214D22F5004E15ED /* PolygonSoup.cpp */,
				04C217D8214D22F5004E15ED /* PolygonSoupLoader.cpp */,
				04C217E2214D22F5004E15ED /* PolygonSoupSerialization.cpp */,
				043A458E215E74D400A7D07A /* prefix.h */,
				04C217D3214D22F5004E15ED /* PrimitiveHelper.cpp */,
				04C217D7214D22F5004E15ED /* Rbt.cpp */,
				04C217D9214D22F5004E15ED /* Renderable.cpp */,
				04C217E6214D22F5004E15ED /* RendererViewController.mm */,
				04C217D4214D22F5004E15ED /* RenderPass.cpp */,
				045F7E35229D911C0045CDFD /* RenderState.cpp */,
				045F7E36229D911C0045CDFD /* RenderStateFactory.cpp */,
				045F7E38229D911C0045CDFD /* RenderStateManager.cpp */,
				04C217E5214D22F5004E15ED /* ResourceManager.cpp */,
				04C217C9214D22F5004E15ED /* SceneLoader.cpp */,
				04C217DA214D22F5004E15ED /* SceneNode.cpp */,
				04C217E0214D22F5004E15ED /* ShaderParser.cpp */,
				04E30F8B229E6F12006D0743 /* STBImagePlugin.cpp */,
				04C217D5214D22F5004E15ED /* Texture.cpp */,
				04C217DC214D22F5004E15ED /* TextureHelper.cpp */,
				045F7E37229D911C0045CDFD /* TurntableController.cpp */,
				04C217D1214D22F5004E15ED /* UniformBlock.cpp */,
				04C217CB214D22F5004E15ED /* UniformHelper.cpp */,
				04C217DB214D22F5004E15ED /* VertexType.cpp */,
				04BBE83E2169135400BA0AB8 /* Viewport.cpp */,
			);
			path = src;
			sourceTree = SOURCE_ROOT;
		};
		04C21810214D246F004E15ED /* mineola_ios_test */ = {
			isa = PBXGroup;
			children = (
				04FB37B022A03747005A272D /* Corset.glb */,
				04E30F91229E73E8006D0743 /* gltfscene.json */,
				04BEBB61229E8961001003D8 /* FlightHelmet */,
				043A4596215E76BC00A7D07A /* kueken7_rgba_astc4x4_srgb.ktx */,
				043A4595215E76BC00A7D07A /* quad.ply */,
				043A4594215E76BC00A7D07A /* scene.json */,
				04D74421214D3C5500CAF217 /* RenderTest.h */,
				04D74420214D3C5500CAF217 /* RenderTest.mm */,
				04C21811214D246F004E15ED /* AppDelegate.h */,
				04C21812214D246F004E15ED /* AppDelegate.m */,
				04C2181A214D2472004E15ED /* Assets.xcassets */,
				04C2181F214D2472004E15ED /* Info.plist */,
				04C21820214D2472004E15ED /* main.m */,
			);
			path = mineola_ios_test;
			sourceTree = "<group>";
		};
		04D74423214D3D0F00CAF217 /* Frameworks */ = {
			isa = PBXGroup;
			children = (
			);
			name = Frameworks;
			sourceTree = "<group>";
		};
/* End PBXGroup section */

/* Begin PBXNativeTarget section */
		04C21790214D22A7004E15ED /* mineola */ = {
			isa = PBXNativeTarget;
			buildConfigurationList = 04C2179A214D22A7004E15ED /* Build configuration list for PBXNativeTarget "mineola" */;
			buildPhases = (
				04C2178D214D22A7004E15ED /* Sources */,
				04C2178E214D22A7004E15ED /* Frameworks */,
				04C2178F214D22A7004E15ED /* CopyFiles */,
				04FF054221640D0F00C05601 /* CopyFiles */,
			);
			buildRules = (
			);
			dependencies = (
			);
			name = mineola;
			productName = mineola;
			productReference = 04C21791214D22A7004E15ED /* libmineola.a */;
			productType = "com.apple.product-type.library.static";
		};
		04C2180E214D246F004E15ED /* mineola test */ = {
			isa = PBXNativeTarget;
			buildConfigurationList = 04C21822214D2472004E15ED /* Build configuration list for PBXNativeTarget "mineola test" */;
			buildPhases = (
				04C2180B214D246F004E15ED /* Sources */,
				04C2180C214D246F004E15ED /* Frameworks */,
				04C2180D214D246F004E15ED /* Resources */,
			);
			buildRules = (
			);
			dependencies = (
			);
			name = "mineola test";
			productName = "mineola test";
			productReference = 04C2180F214D246F004E15ED /* mineola test.app */;
			productType = "com.apple.product-type.application";
		};
/* End PBXNativeTarget section */

/* Begin PBXProject section */
		04C21789214D22A7004E15ED /* Project object */ = {
			isa = PBXProject;
			attributes = {
				LastUpgradeCheck = 0940;
				ORGANIZATIONNAME = "Fangyang Shen";
				TargetAttributes = {
					04C21790214D22A7004E15ED = {
						CreatedOnToolsVersion = 9.4.1;
					};
					04C2180E214D246F004E15ED = {
						CreatedOnToolsVersion = 9.4.1;
					};
				};
			};
			buildConfigurationList = 04C2178C214D22A7004E15ED /* Build configuration list for PBXProject "mineola" */;
			compatibilityVersion = "Xcode 9.3";
			developmentRegion = en;
			hasScannedForEncodings = 0;
			knownRegions = (
				en,
				Base,
			);
			mainGroup = 04C21788214D22A7004E15ED;
			productRefGroup = 04C21792214D22A7004E15ED /* Products */;
			projectDirPath = "";
			projectRoot = "";
			targets = (
				04C21790214D22A7004E15ED /* mineola */,
				04C2180E214D246F004E15ED /* mineola test */,
			);
		};
/* End PBXProject section */

/* Begin PBXResourcesBuildPhase section */
		04C2180D214D246F004E15ED /* Resources */ = {
			isa = PBXResourcesBuildPhase;
			buildActionMask = 2147483647;
			files = (
				04FB37B122A03747005A272D /* Corset.glb in Resources */,
				043A4599215E76BC00A7D07A /* kueken7_rgba_astc4x4_srgb.ktx in Resources */,
				043A4597215E76BC00A7D07A /* scene.json in Resources */,
				04E30F92229E73E8006D0743 /* gltfscene.json in Resources */,
				04C2181B214D2472004E15ED /* Assets.xcassets in Resources */,
				043A4598215E76BC00A7D07A /* quad.ply in Resources */,
				04BEBB62229E8961001003D8 /* FlightHelmet in Resources */,
			);
			runOnlyForDeploymentPostprocessing = 0;
		};
/* End PBXResourcesBuildPhase section */

/* Begin PBXSourcesBuildPhase section */
		04C2178D214D22A7004E15ED /* Sources */ = {
			isa = PBXSourcesBuildPhase;
			buildActionMask = 2147483647;
			files = (
				04C21804214D22F5004E15ED /* PolygonSoupSerialization.cpp in Sources */,
				04BBE83F2169135400BA0AB8 /* Viewport.cpp in Sources */,
				0406EF5F2476C28A00431A67 /* AnimatedEntity.cpp in Sources */,
				04C217F9214D22F5004E15ED /* Rbt.cpp in Sources */,
				0406EF622476C28A00431A67 /* Skin.cpp in Sources */,
				04C217F6214D22F5004E15ED /* RenderPass.cpp in Sources */,
				04C217EF214D22F5004E15ED /* Entity.cpp in Sources */,
				043A4591215E74D400A7D07A /* FileSystem.cpp in Sources */,
				045F7E3C229D911C0045CDFD /* RenderStateManager.cpp in Sources */,
				04C217F8214D22F5004E15ED /* GLProgram.cpp in Sources */,
				04C217F4214D22F5004E15ED /* Light.cpp in Sources */,
				04C21807214D22F5004E15ED /* ResourceManager.cpp in Sources */,
				04C217FA214D22F5004E15ED /* PolygonSoupLoader.cpp in Sources */,
				0406EF602476C28A00431A67 /* Animation.cpp in Sources */,
				04C217FB214D22F5004E15ED /* Renderable.cpp in Sources */,
				04C217EB214D22F5004E15ED /* SceneLoader.cpp in Sources */,
				04C217FE214D22F5004E15ED /* TextureHelper.cpp in Sources */,
				04C217F1214D22F5004E15ED /* FPSController.cpp in Sources */,
				04C21805214D22F5004E15ED /* ImgppTextureSrc.cpp in Sources */,
				04C21801214D22F5004E15ED /* Engine.cpp in Sources */,
				04C217F3214D22F5004E15ED /* UniformBlock.cpp in Sources */,
				0406EF612476C28A00431A67 /* PBRShaders.cpp in Sources */,
				04C21800214D22F5004E15ED /* CameraController.cpp in Sources */,
				04C217EE214D22F5004E15ED /* Camera.cpp in Sources */,
				04C217ED214D22F5004E15ED /* UniformHelper.cpp in Sources */,
				04C217EC214D22F5004E15ED /* GLShader.cpp in Sources */,
				04C217FF214D22F5004E15ED /* PolygonSoup.cpp in Sources */,
				0406EF632476C28A00431A67 /* KTXImageLoader.cpp in Sources */,
				04C21802214D22F5004E15ED /* ShaderParser.cpp in Sources */,
				045F7E39229D911C0045CDFD /* RenderState.cpp in Sources */,
				04C217EA214D22F5004E15ED /* GraphicsBuffer.cpp in Sources */,
				045F7E3B229D911C0045CDFD /* TurntableController.cpp in Sources */,
				04C217FD214D22F5004E15ED /* VertexType.cpp in Sources */,
				04C21809214D22F5004E15ED /* MeshIO.cpp in Sources */,
				04E30F8C229E6F12006D0743 /* STBImagePlugin.cpp in Sources */,
				0443E785229FB2AC0032DF4C /* UniformWrappers.cpp in Sources */,
				04C217F0214D22F5004E15ED /* AppHelper.cpp in Sources */,
				04C217E9214D22F5004E15ED /* ArcballController.cpp in Sources */,
				04C21808214D22F5004E15ED /* RendererViewController.mm in Sources */,
				04C217F7214D22F5004E15ED /* Texture.cpp in Sources */,
				04C217FC214D22F5004E15ED /* SceneNode.cpp in Sources */,
				04C21803214D22F5004E15ED /* GLEffect.cpp in Sources */,
				04C21806214D22F5004E15ED /* Material.cpp in Sources */,
				C7F4B4F02181CE4A00171337 /* BasisObj.cpp in Sources */,
				045F7E3A229D911C0045CDFD /* RenderStateFactory.cpp in Sources */,
				04C217F2214D22F5004E15ED /* Framebuffer.cpp in Sources */,
				043A4590215E74D400A7D07A /* GLMHelper.cpp in Sources */,
				04C217F5214D22F5004E15ED /* PrimitiveHelper.cpp in Sources */,
				04FE66D4229DAC61005D82A1 /* GLTFLoader.cpp in Sources */,
			);
			runOnlyForDeploymentPostprocessing = 0;
		};
		04C2180B214D246F004E15ED /* Sources */ = {
			isa = PBXSourcesBuildPhase;
			buildActionMask = 2147483647;
			files = (
				04D74422214D3C5500CAF217 /* RenderTest.mm in Sources */,
				04C21821214D2472004E15ED /* main.m in Sources */,
				04C21813214D246F004E15ED /* AppDelegate.m in Sources */,
			);
			runOnlyForDeploymentPostprocessing = 0;
		};
/* End PBXSourcesBuildPhase section */

/* Begin XCBuildConfiguration section */
		04C21798214D22A7004E15ED /* Debug */ = {
			isa = XCBuildConfiguration;
			baseConfigurationReference = 04C29EBF24780CCC004173FA /* conanbuildinfo.xcconfig */;
			buildSettings = {
				ALWAYS_SEARCH_USER_PATHS = NO;
				CLANG_ANALYZER_NONNULL = YES;
				CLANG_ANALYZER_NUMBER_OBJECT_CONVERSION = YES_AGGRESSIVE;
				CLANG_CXX_LANGUAGE_STANDARD = "c++17";
				CLANG_CXX_LIBRARY = "libc++";
				CLANG_ENABLE_MODULES = YES;
				CLANG_ENABLE_OBJC_ARC = YES;
				CLANG_ENABLE_OBJC_WEAK = YES;
				CLANG_WARN_BLOCK_CAPTURE_AUTORELEASING = YES;
				CLANG_WARN_BOOL_CONVERSION = YES;
				CLANG_WARN_COMMA = YES;
				CLANG_WARN_CONSTANT_CONVERSION = YES;
				CLANG_WARN_DEPRECATED_OBJC_IMPLEMENTATIONS = YES;
				CLANG_WARN_DIRECT_OBJC_ISA_USAGE = YES_ERROR;
				CLANG_WARN_DOCUMENTATION_COMMENTS = YES;
				CLANG_WARN_EMPTY_BODY = YES;
				CLANG_WARN_ENUM_CONVERSION = YES;
				CLANG_WARN_INFINITE_RECURSION = YES;
				CLANG_WARN_INT_CONVERSION = YES;
				CLANG_WARN_NON_LITERAL_NULL_CONVERSION = YES;
				CLANG_WARN_OBJC_IMPLICIT_RETAIN_SELF = YES;
				CLANG_WARN_OBJC_LITERAL_CONVERSION = YES;
				CLANG_WARN_OBJC_ROOT_CLASS = YES_ERROR;
				CLANG_WARN_RANGE_LOOP_ANALYSIS = YES;
				CLANG_WARN_STRICT_PROTOTYPES = YES;
				CLANG_WARN_SUSPICIOUS_MOVE = YES;
				CLANG_WARN_UNGUARDED_AVAILABILITY = YES_AGGRESSIVE;
				CLANG_WARN_UNREACHABLE_CODE = YES;
				CLANG_WARN__DUPLICATE_METHOD_MATCH = YES;
				CODE_SIGN_IDENTITY = "iPhone Developer";
				COPY_PHASE_STRIP = NO;
				DEBUG_INFORMATION_FORMAT = dwarf;
				ENABLE_STRICT_OBJC_MSGSEND = YES;
				ENABLE_TESTABILITY = YES;
				GCC_C_LANGUAGE_STANDARD = gnu11;
				GCC_DYNAMIC_NO_PIC = NO;
				GCC_NO_COMMON_BLOCKS = YES;
				GCC_OPTIMIZATION_LEVEL = 0;
				GCC_PREPROCESSOR_DEFINITIONS = (
					"DEBUG=1",
					"$(inherited)",
				);
				GCC_WARN_64_TO_32_BIT_CONVERSION = YES;
				GCC_WARN_ABOUT_RETURN_TYPE = YES_ERROR;
				GCC_WARN_UNDECLARED_SELECTOR = YES;
				GCC_WARN_UNINITIALIZED_AUTOS = YES_AGGRESSIVE;
				GCC_WARN_UNUSED_FUNCTION = YES;
				GCC_WARN_UNUSED_VARIABLE = YES;
				IPHONEOS_DEPLOYMENT_TARGET = 11.4;
				MTL_ENABLE_DEBUG_INFO = YES;
				ONLY_ACTIVE_ARCH = YES;
				SDKROOT = iphoneos;
			};
			name = Debug;
		};
		04C21799214D22A7004E15ED /* Release */ = {
			isa = XCBuildConfiguration;
			baseConfigurationReference = 04C29EBF24780CCC004173FA /* conanbuildinfo.xcconfig */;
			buildSettings = {
				ALWAYS_SEARCH_USER_PATHS = NO;
				CLANG_ANALYZER_NONNULL = YES;
				CLANG_ANALYZER_NUMBER_OBJECT_CONVERSION = YES_AGGRESSIVE;
				CLANG_CXX_LANGUAGE_STANDARD = "c++17";
				CLANG_CXX_LIBRARY = "libc++";
				CLANG_ENABLE_MODULES = YES;
				CLANG_ENABLE_OBJC_ARC = YES;
				CLANG_ENABLE_OBJC_WEAK = YES;
				CLANG_WARN_BLOCK_CAPTURE_AUTORELEASING = YES;
				CLANG_WARN_BOOL_CONVERSION = YES;
				CLANG_WARN_COMMA = YES;
				CLANG_WARN_CONSTANT_CONVERSION = YES;
				CLANG_WARN_DEPRECATED_OBJC_IMPLEMENTATIONS = YES;
				CLANG_WARN_DIRECT_OBJC_ISA_USAGE = YES_ERROR;
				CLANG_WARN_DOCUMENTATION_COMMENTS = YES;
				CLANG_WARN_EMPTY_BODY = YES;
				CLANG_WARN_ENUM_CONVERSION = YES;
				CLANG_WARN_INFINITE_RECURSION = YES;
				CLANG_WARN_INT_CONVERSION = YES;
				CLANG_WARN_NON_LITERAL_NULL_CONVERSION = YES;
				CLANG_WARN_OBJC_IMPLICIT_RETAIN_SELF = YES;
				CLANG_WARN_OBJC_LITERAL_CONVERSION = YES;
				CLANG_WARN_OBJC_ROOT_CLASS = YES_ERROR;
				CLANG_WARN_RANGE_LOOP_ANALYSIS = YES;
				CLANG_WARN_STRICT_PROTOTYPES = YES;
				CLANG_WARN_SUSPICIOUS_MOVE = YES;
				CLANG_WARN_UNGUARDED_AVAILABILITY = YES_AGGRESSIVE;
				CLANG_WARN_UNREACHABLE_CODE = YES;
				CLANG_WARN__DUPLICATE_METHOD_MATCH = YES;
				CODE_SIGN_IDENTITY = "iPhone Developer";
				COPY_PHASE_STRIP = NO;
				DEBUG_INFORMATION_FORMAT = "dwarf-with-dsym";
				ENABLE_NS_ASSERTIONS = NO;
				ENABLE_STRICT_OBJC_MSGSEND = YES;
				GCC_C_LANGUAGE_STANDARD = gnu11;
				GCC_NO_COMMON_BLOCKS = YES;
				GCC_WARN_64_TO_32_BIT_CONVERSION = YES;
				GCC_WARN_ABOUT_RETURN_TYPE = YES_ERROR;
				GCC_WARN_UNDECLARED_SELECTOR = YES;
				GCC_WARN_UNINITIALIZED_AUTOS = YES_AGGRESSIVE;
				GCC_WARN_UNUSED_FUNCTION = YES;
				GCC_WARN_UNUSED_VARIABLE = YES;
				IPHONEOS_DEPLOYMENT_TARGET = 11.4;
				MTL_ENABLE_DEBUG_INFO = NO;
				SDKROOT = iphoneos;
				VALIDATE_PRODUCT = YES;
			};
			name = Release;
		};
		04C2179B214D22A7004E15ED /* Debug */ = {
			isa = XCBuildConfiguration;
			baseConfigurationReference = 04C29EBF24780CCC004173FA /* conanbuildinfo.xcconfig */;
			buildSettings = {
				CLANG_CXX_LANGUAGE_STANDARD = "gnu++17";
				CODE_SIGN_STYLE = Automatic;
				DEVELOPMENT_TEAM = M9M645HT83;
				HEADER_SEARCH_PATHS = (
					"$(inherited)",
					"\"/Users/shenfy/.conan/data/glm/0.9.8.5/bincrafters/stable/package/5ab84d6acfe1f23c4fae0ab88f26e3a396351ac9/include\"",
					"\"/Users/shenfy/.conan/data/fx_gltf/1.1.0/shenfy/testing/package/5ab84d6acfe1f23c4fae0ab88f26e3a396351ac9/include\"",
					"\"/Users/shenfy/.conan/data/nlohmann_json/3.7.3/_/_/package/5ab84d6acfe1f23c4fae0ab88f26e3a396351ac9/include\"",
					"\"/Users/shenfy/.conan/data/imgpp_headers/2.0.1/shenfy/testing/package/5ab84d6acfe1f23c4fae0ab88f26e3a396351ac9\"",
					/usr/local/include,
				);
				OTHER_LDFLAGS = "-ObjC";
				PRODUCT_NAME = "$(TARGET_NAME)";
				SKIP_INSTALL = YES;
				TARGETED_DEVICE_FAMILY = "1,2";
			};
			name = Debug;
		};
		04C2179C214D22A7004E15ED /* Release */ = {
			isa = XCBuildConfiguration;
			baseConfigurationReference = 04C29EBF24780CCC004173FA /* conanbuildinfo.xcconfig */;
			buildSettings = {
				CLANG_CXX_LANGUAGE_STANDARD = "gnu++17";
				CODE_SIGN_STYLE = Automatic;
				DEVELOPMENT_TEAM = M9M645HT83;
				HEADER_SEARCH_PATHS = (
					"$(inherited)",
					"\"/Users/shenfy/.conan/data/glm/0.9.8.5/bincrafters/stable/package/5ab84d6acfe1f23c4fae0ab88f26e3a396351ac9/include\"",
					"\"/Users/shenfy/.conan/data/fx_gltf/1.1.0/shenfy/testing/package/5ab84d6acfe1f23c4fae0ab88f26e3a396351ac9/include\"",
					"\"/Users/shenfy/.conan/data/nlohmann_json/3.7.3/_/_/package/5ab84d6acfe1f23c4fae0ab88f26e3a396351ac9/include\"",
					"\"/Users/shenfy/.conan/data/imgpp_headers/2.0.1/shenfy/testing/package/5ab84d6acfe1f23c4fae0ab88f26e3a396351ac9\"",
					/usr/local/include,
				);
				OTHER_LDFLAGS = "-ObjC";
				PRODUCT_NAME = "$(TARGET_NAME)";
				SKIP_INSTALL = YES;
				TARGETED_DEVICE_FAMILY = "1,2";
			};
			name = Release;
		};
		04C21823214D2472004E15ED /* Debug */ = {
			isa = XCBuildConfiguration;
			baseConfigurationReference = 04C29EBF24780CCC004173FA /* conanbuildinfo.xcconfig */;
			buildSettings = {
				ASSETCATALOG_COMPILER_APPICON_NAME = AppIcon;
				CODE_SIGN_STYLE = Automatic;
				DEVELOPMENT_TEAM = M9M645HT83;
				HEADER_SEARCH_PATHS = /usr/local/include;
				INFOPLIST_FILE = mineola_ios_test/Info.plist;
				LD_RUNPATH_SEARCH_PATHS = (
					"$(inherited)",
					"@executable_path/Frameworks",
				);
				PRODUCT_BUNDLE_IDENTIFIER = "com.oppentech.mineola-test";
				PRODUCT_NAME = "$(TARGET_NAME)";
				TARGETED_DEVICE_FAMILY = "1,2";
			};
			name = Debug;
		};
		04C21824214D2472004E15ED /* Release */ = {
			isa = XCBuildConfiguration;
			baseConfigurationReference = 04C29EBF24780CCC004173FA /* conanbuildinfo.xcconfig */;
			buildSettings = {
				ASSETCATALOG_COMPILER_APPICON_NAME = AppIcon;
				CODE_SIGN_STYLE = Automatic;
				DEVELOPMENT_TEAM = M9M645HT83;
				HEADER_SEARCH_PATHS = /usr/local/include;
				INFOPLIST_FILE = mineola_ios_test/Info.plist;
				LD_RUNPATH_SEARCH_PATHS = (
					"$(inherited)",
					"@executable_path/Frameworks",
				);
				PRODUCT_BUNDLE_IDENTIFIER = "com.oppentech.mineola-test";
				PRODUCT_NAME = "$(TARGET_NAME)";
				TARGETED_DEVICE_FAMILY = "1,2";
			};
			name = Release;
		};
/* End XCBuildConfiguration section */

/* Begin XCConfigurationList section */
		04C2178C214D22A7004E15ED /* Build configuration list for PBXProject "mineola" */ = {
			isa = XCConfigurationList;
			buildConfigurations = (
				04C21798214D22A7004E15ED /* Debug */,
				04C21799214D22A7004E15ED /* Release */,
			);
			defaultConfigurationIsVisible = 0;
			defaultConfigurationName = Release;
		};
		04C2179A214D22A7004E15ED /* Build configuration list for PBXNativeTarget "mineola" */ = {
			isa = XCConfigurationList;
			buildConfigurations = (
				04C2179B214D22A7004E15ED /* Debug */,
				04C2179C214D22A7004E15ED /* Release */,
			);
			defaultConfigurationIsVisible = 0;
			defaultConfigurationName = Release;
		};
		04C21822214D2472004E15ED /* Build configuration list for PBXNativeTarget "mineola test" */ = {
			isa = XCConfigurationList;
			buildConfigurations = (
				04C21823214D2472004E15ED /* Debug */,
				04C21824214D2472004E15ED /* Release */,
			);
			defaultConfigurationIsVisible = 0;
			defaultConfigurationName = Release;
		};
/* End XCConfigurationList section */
	};
	rootObject = 04C21789214D22A7004E15ED /* Project object */;
}
